
Microsoft Visual Studio Solution File, Format Version 12.00
# Visual Studio Version 16
VisualStudioVersion = 16.0.32126.315
MinimumVisualStudioVersion = 10.0.40219.1
Project("{FAE04EC0-301F-11D3-BF4B-00C04F79EFBC}") = "Clientprj", "Clientprj\Clientprj.csproj", "{83D8A763-C469-4FBF-9B64-6A58A3FB46BC}"
EndProject
Global
	GlobalSection(SolutionConfigurationPlatforms) = preSolution
		Debug|Any CPU = Debug|Any CPU
		Release|Any CPU = Release|Any CPU
	EndGlobalSection
	GlobalSection(ProjectConfigurationPlatforms) = postSolution
		{83D8A763-C469-4FBF-9B64-6A58A3FB46BC}.Debug|Any CPU.ActiveCfg = Debug|Any CPU
		{83D8A763-C469-4FBF-9B64-6A58A3FB46BC}.Debug|Any CPU.Build.0 = Debug|Any CPU
		{83D8A763-C469-4FBF-9B64-6A58A3FB46BC}.Release|Any CPU.ActiveCfg = Release|Any CPU
		{83D8A763-C469-4FBF-9B64-6A58A3FB46BC}.Release|Any CPU.Build.0 = Release|Any CPU
	EndGlobalSection
	GlobalSection(SolutionProperties) = preSolution
		HideSolutionNode = FALSE
	EndGlobalSection
	GlobalSection(ExtensibilityGlobals) = postSolution
		SolutionGuid = {04B2BF39-CC8D-4E6B-9327-245A9B8E34CF}
	EndGlobalSection
EndGlobal
